
Microsoft Visual Studio Solution File, Format Version 12.00
# Visual Studio 15
VisualStudioVersion = 15.0.26124.0
MinimumVisualStudioVersion = 15.0.26124.0
Project("{2150E333-8FDC-42A3-9474-1A3956D46DE8}") = "root", "root", "{AF687901-17DE-4E6B-83E6-3B46E4EB8DF9}"
	ProjectSection(SolutionItems) = preProject
		README.md = README.md
		LICENSE = LICENSE
		BikeDataProject.DB.sln = BikeDataProject.DB.sln
		.gitignore = .gitignore
	EndProjectSection
EndProject
Project("{2150E333-8FDC-42A3-9474-1A3956D46DE8}") = "src", "src", "{48D8C135-5501-427A-AF36-D51DE52475AB}"
EndProject
Project("{FAE04EC0-301F-11D3-BF4B-00C04F79EFBC}") = "BikeDataProject.DB", "src\BikeDataProject.DB\BikeDataProject.DB.csproj", "{1B8A322F-5AB6-4355-8CED-8BBE4FA56B56}"
EndProject
Project("{2150E333-8FDC-42A3-9474-1A3956D46DE8}") = "db", "db", "{B9D123DE-232C-4F5F-9F21-B8057EAB0B39}"
ProjectSection(SolutionItems) = preProject
	db\db.sql = db\db.sql
	db\model.png = db\model.png
	db\migration1-added-addedon.sql = db\migration1-added-addedon.sql
EndProjectSection
EndProject
Global
	GlobalSection(SolutionConfigurationPlatforms) = preSolution
		Debug|Any CPU = Debug|Any CPU
		Debug|x64 = Debug|x64
		Debug|x86 = Debug|x86
		Release|Any CPU = Release|Any CPU
		Release|x64 = Release|x64
		Release|x86 = Release|x86
	EndGlobalSection
	GlobalSection(SolutionProperties) = preSolution
		HideSolutionNode = FALSE
	EndGlobalSection
	GlobalSection(ProjectConfigurationPlatforms) = postSolution
		{1B8A322F-5AB6-4355-8CED-8BBE4FA56B56}.Debug|Any CPU.ActiveCfg = Debug|Any CPU
		{1B8A322F-5AB6-4355-8CED-8BBE4FA56B56}.Debug|Any CPU.Build.0 = Debug|Any CPU
		{1B8A322F-5AB6-4355-8CED-8BBE4FA56B56}.Debug|x64.ActiveCfg = Debug|Any CPU
		{1B8A322F-5AB6-4355-8CED-8BBE4FA56B56}.Debug|x64.Build.0 = Debug|Any CPU
		{1B8A322F-5AB6-4355-8CED-8BBE4FA56B56}.Debug|x86.ActiveCfg = Debug|Any CPU
		{1B8A322F-5AB6-4355-8CED-8BBE4FA56B56}.Debug|x86.Build.0 = Debug|Any CPU
		{1B8A322F-5AB6-4355-8CED-8BBE4FA56B56}.Release|Any CPU.ActiveCfg = Release|Any CPU
		{1B8A322F-5AB6-4355-8CED-8BBE4FA56B56}.Release|Any CPU.Build.0 = Release|Any CPU
		{1B8A322F-5AB6-4355-8CED-8BBE4FA56B56}.Release|x64.ActiveCfg = Release|Any CPU
		{1B8A322F-5AB6-4355-8CED-8BBE4FA56B56}.Release|x64.Build.0 = Release|Any CPU
		{1B8A322F-5AB6-4355-8CED-8BBE4FA56B56}.Release|x86.ActiveCfg = Release|Any CPU
		{1B8A322F-5AB6-4355-8CED-8BBE4FA56B56}.Release|x86.Build.0 = Release|Any CPU
	EndGlobalSection
	GlobalSection(NestedProjects) = preSolution
		{1B8A322F-5AB6-4355-8CED-8BBE4FA56B56} = {48D8C135-5501-427A-AF36-D51DE52475AB}
	EndGlobalSection
EndGlobal
